// !$*UTF8*$!
{
	archiveVersion = 1;
	classes = {
	};
	objectVersion = 50;
	objects = {

/* Begin PBXBuildFile section */
		4733ADA82230249300804465 /* Constants.swift in Sources */ = {isa = PBXBuildFile; fileRef = 4733ADA72230249300804465 /* Constants.swift */; };
		4733ADAB223025FF00804465 /* SignIn.storyboard in Resources */ = {isa = PBXBuildFile; fileRef = 4733ADA9223025FF00804465 /* SignIn.storyboard */; };
		4764BFFB222F65A1001D6DC1 /* AppDelegate.swift in Sources */ = {isa = PBXBuildFile; fileRef = 4764BFFA222F65A1001D6DC1 /* AppDelegate.swift */; };
		4764C000222F65A1001D6DC1 /* Main.storyboard in Resources */ = {isa = PBXBuildFile; fileRef = 4764BFFE222F65A1001D6DC1 /* Main.storyboard */; };
		4764C002222F65A5001D6DC1 /* Assets.xcassets in Resources */ = {isa = PBXBuildFile; fileRef = 4764C001222F65A5001D6DC1 /* Assets.xcassets */; };
		4764C005222F65A5001D6DC1 /* LaunchScreen.storyboard in Resources */ = {isa = PBXBuildFile; fileRef = 4764C003222F65A5001D6DC1 /* LaunchScreen.storyboard */; };
		4764C013222F8C7D001D6DC1 /* NetworkingErrorController.swift in Sources */ = {isa = PBXBuildFile; fileRef = 4764C012222F8C7D001D6DC1 /* NetworkingErrorController.swift */; };
		4764C015222F91CE001D6DC1 /* Name.swift in Sources */ = {isa = PBXBuildFile; fileRef = 4764C014222F91CE001D6DC1 /* Name.swift */; };
		4764C017222F920B001D6DC1 /* NameController.swift in Sources */ = {isa = PBXBuildFile; fileRef = 4764C016222F920B001D6DC1 /* NameController.swift */; };
		4764C019222F9757001D6DC1 /* BitcoinValueController.swift in Sources */ = {isa = PBXBuildFile; fileRef = 4764C018222F9757001D6DC1 /* BitcoinValueController.swift */; };
		4764C01B222F99B0001D6DC1 /* BitcoinValue.swift in Sources */ = {isa = PBXBuildFile; fileRef = 4764C01A222F99B0001D6DC1 /* BitcoinValue.swift */; };
		4764C01E222FAA23001D6DC1 /* IRButton.swift in Sources */ = {isa = PBXBuildFile; fileRef = 4764C01D222FAA23001D6DC1 /* IRButton.swift */; };
		4764C020222FAD83001D6DC1 /* SignInVC.swift in Sources */ = {isa = PBXBuildFile; fileRef = 4764C01F222FAD83001D6DC1 /* SignInVC.swift */; };
		4764C022222FAD95001D6DC1 /* BitcoinVC.swift in Sources */ = {isa = PBXBuildFile; fileRef = 4764C021222FAD95001D6DC1 /* BitcoinVC.swift */; };
		4764C024222FAFBF001D6DC1 /* AlertController.swift in Sources */ = {isa = PBXBuildFile; fileRef = 4764C023222FAFBF001D6DC1 /* AlertController.swift */; };
/* End PBXBuildFile section */

/* Begin PBXFileReference section */
		4733ADA72230249300804465 /* Constants.swift */ = {isa = PBXFileReference; lastKnownFileType = sourcecode.swift; path = Constants.swift; sourceTree = "<group>"; };
		4733ADAA223025FF00804465 /* Base */ = {isa = PBXFileReference; lastKnownFileType = file.storyboard; name = Base; path = RamirezBitCoin/View/Base.lproj/SignIn.storyboard; sourceTree = "<group>"; };
		4764BFF7222F65A1001D6DC1 /* RamirezBitCoin.app */ = {isa = PBXFileReference; explicitFileType = wrapper.application; includeInIndex = 0; path = RamirezBitCoin.app; sourceTree = BUILT_PRODUCTS_DIR; };
		4764BFFA222F65A1001D6DC1 /* AppDelegate.swift */ = {isa = PBXFileReference; lastKnownFileType = sourcecode.swift; path = AppDelegate.swift; sourceTree = "<group>"; };
		4764BFFF222F65A1001D6DC1 /* Base */ = {isa = PBXFileReference; lastKnownFileType = file.storyboard; name = Base; path = Base.lproj/Main.storyboard; sourceTree = "<group>"; };
		4764C001222F65A5001D6DC1 /* Assets.xcassets */ = {isa = PBXFileReference; lastKnownFileType = folder.assetcatalog; path = Assets.xcassets; sourceTree = "<group>"; };
		4764C004222F65A5001D6DC1 /* Base */ = {isa = PBXFileReference; lastKnownFileType = file.storyboard; name = Base; path = Base.lproj/LaunchScreen.storyboard; sourceTree = "<group>"; };
		4764C006222F65A5001D6DC1 /* Info.plist */ = {isa = PBXFileReference; lastKnownFileType = text.plist.xml; path = Info.plist; sourceTree = "<group>"; };
		4764C012222F8C7D001D6DC1 /* NetworkingErrorController.swift */ = {isa = PBXFileReference; lastKnownFileType = sourcecode.swift; path = NetworkingErrorController.swift; sourceTree = "<group>"; };
		4764C014222F91CE001D6DC1 /* Name.swift */ = {isa = PBXFileReference; lastKnownFileType = sourcecode.swift; path = Name.swift; sourceTree = "<group>"; };
		4764C016222F920B001D6DC1 /* NameController.swift */ = {isa = PBXFileReference; lastKnownFileType = sourcecode.swift; path = NameController.swift; sourceTree = "<group>"; };
		4764C018222F9757001D6DC1 /* BitcoinValueController.swift */ = {isa = PBXFileReference; lastKnownFileType = sourcecode.swift; path = BitcoinValueController.swift; sourceTree = "<group>"; };
		4764C01A222F99B0001D6DC1 /* BitcoinValue.swift */ = {isa = PBXFileReference; lastKnownFileType = sourcecode.swift; path = BitcoinValue.swift; sourceTree = "<group>"; };
		4764C01D222FAA23001D6DC1 /* IRButton.swift */ = {isa = PBXFileReference; lastKnownFileType = sourcecode.swift; path = IRButton.swift; sourceTree = "<group>"; };
		4764C01F222FAD83001D6DC1 /* SignInVC.swift */ = {isa = PBXFileReference; lastKnownFileType = sourcecode.swift; path = SignInVC.swift; sourceTree = "<group>"; };
		4764C021222FAD95001D6DC1 /* BitcoinVC.swift */ = {isa = PBXFileReference; lastKnownFileType = sourcecode.swift; path = BitcoinVC.swift; sourceTree = "<group>"; };
		4764C023222FAFBF001D6DC1 /* AlertController.swift */ = {isa = PBXFileReference; lastKnownFileType = sourcecode.swift; path = AlertController.swift; sourceTree = "<group>"; };
/* End PBXFileReference section */

/* Begin PBXFrameworksBuildPhase section */
		4764BFF4222F65A1001D6DC1 /* Frameworks */ = {
			isa = PBXFrameworksBuildPhase;
			buildActionMask = 2147483647;
			files = (
			);
			runOnlyForDeploymentPostprocessing = 0;
		};
/* End PBXFrameworksBuildPhase section */

/* Begin PBXGroup section */
		4764BFEE222F65A1001D6DC1 = {
			isa = PBXGroup;
			children = (
				4764BFF9222F65A1001D6DC1 /* RamirezBitCoin */,
				4764BFF8222F65A1001D6DC1 /* Products */,
			);
			sourceTree = "<group>";
		};
		4764BFF8222F65A1001D6DC1 /* Products */ = {
			isa = PBXGroup;
			children = (
				4764BFF7222F65A1001D6DC1 /* RamirezBitCoin.app */,
			);
			name = Products;
			sourceTree = "<group>";
		};
		4764BFF9222F65A1001D6DC1 /* RamirezBitCoin */ = {
			isa = PBXGroup;
			children = (
				4764C011222F8887001D6DC1 /* View */,
				4764C010222F886F001D6DC1 /* ViewController */,
				4764C00F222F8860001D6DC1 /* ModelController */,
				4764C00E222F8858001D6DC1 /* Model */,
				4764C00D222F8851001D6DC1 /* Resources */,
				4764C00C222F8829001D6DC1 /* SupportingFiles */,
			);
			path = RamirezBitCoin;
			sourceTree = "<group>";
		};
		4764C00C222F8829001D6DC1 /* SupportingFiles */ = {
			isa = PBXGroup;
			children = (
				4764BFFA222F65A1001D6DC1 /* AppDelegate.swift */,
				4764C001222F65A5001D6DC1 /* Assets.xcassets */,
				4764C006222F65A5001D6DC1 /* Info.plist */,
				4764C01D222FAA23001D6DC1 /* IRButton.swift */,
				4733ADA72230249300804465 /* Constants.swift */,
			);
			path = SupportingFiles;
			sourceTree = "<group>";
		};
		4764C00D222F8851001D6DC1 /* Resources */ = {
			isa = PBXGroup;
			children = (
				4764C012222F8C7D001D6DC1 /* NetworkingErrorController.swift */,
				4764C023222FAFBF001D6DC1 /* AlertController.swift */,
			);
			path = Resources;
			sourceTree = "<group>";
		};
		4764C00E222F8858001D6DC1 /* Model */ = {
			isa = PBXGroup;
			children = (
				4764C014222F91CE001D6DC1 /* Name.swift */,
				4764C01A222F99B0001D6DC1 /* BitcoinValue.swift */,
			);
			path = Model;
			sourceTree = "<group>";
		};
		4764C00F222F8860001D6DC1 /* ModelController */ = {
			isa = PBXGroup;
			children = (
				4764C016222F920B001D6DC1 /* NameController.swift */,
				4764C018222F9757001D6DC1 /* BitcoinValueController.swift */,
			);
			path = ModelController;
			sourceTree = "<group>";
		};
		4764C010222F886F001D6DC1 /* ViewController */ = {
			isa = PBXGroup;
			children = (
				4764C01F222FAD83001D6DC1 /* SignInVC.swift */,
				4764C021222FAD95001D6DC1 /* BitcoinVC.swift */,
			);
			path = ViewController;
			sourceTree = "<group>";
		};
		4764C011222F8887001D6DC1 /* View */ = {
			isa = PBXGroup;
			children = (
				4764C003222F65A5001D6DC1 /* LaunchScreen.storyboard */,
				4733ADA9223025FF00804465 /* SignIn.storyboard */,
				4764BFFE222F65A1001D6DC1 /* Main.storyboard */,
			);
			path = View;
			sourceTree = "<group>";
		};
/* End PBXGroup section */

/* Begin PBXNativeTarget section */
		4764BFF6222F65A1001D6DC1 /* RamirezBitCoin */ = {
			isa = PBXNativeTarget;
			buildConfigurationList = 4764C009222F65A5001D6DC1 /* Build configuration list for PBXNativeTarget "RamirezBitCoin" */;
			buildPhases = (
				4764BFF3222F65A1001D6DC1 /* Sources */,
				4764BFF4222F65A1001D6DC1 /* Frameworks */,
				4764BFF5222F65A1001D6DC1 /* Resources */,
			);
			buildRules = (
			);
			dependencies = (
			);
			name = RamirezBitCoin;
			productName = RamirezBitCoin;
			productReference = 4764BFF7222F65A1001D6DC1 /* RamirezBitCoin.app */;
			productType = "com.apple.product-type.application";
		};
/* End PBXNativeTarget section */

/* Begin PBXProject section */
		4764BFEF222F65A1001D6DC1 /* Project object */ = {
			isa = PBXProject;
			attributes = {
				LastSwiftUpdateCheck = 1010;
				LastUpgradeCheck = 1010;
				ORGANIZATIONNAME = ramcomw;
				TargetAttributes = {
					4764BFF6222F65A1001D6DC1 = {
						CreatedOnToolsVersion = 10.1;
					};
				};
			};
			buildConfigurationList = 4764BFF2222F65A1001D6DC1 /* Build configuration list for PBXProject "RamirezBitCoin" */;
			compatibilityVersion = "Xcode 9.3";
			developmentRegion = en;
			hasScannedForEncodings = 0;
			knownRegions = (
				en,
				Base,
			);
			mainGroup = 4764BFEE222F65A1001D6DC1;
			productRefGroup = 4764BFF8222F65A1001D6DC1 /* Products */;
			projectDirPath = "";
			projectRoot = "";
			targets = (
				4764BFF6222F65A1001D6DC1 /* RamirezBitCoin */,
			);
		};
/* End PBXProject section */

/* Begin PBXResourcesBuildPhase section */
		4764BFF5222F65A1001D6DC1 /* Resources */ = {
			isa = PBXResourcesBuildPhase;
			buildActionMask = 2147483647;
			files = (
				4733ADAB223025FF00804465 /* SignIn.storyboard in Resources */,
				4764C005222F65A5001D6DC1 /* LaunchScreen.storyboard in Resources */,
				4764C002222F65A5001D6DC1 /* Assets.xcassets in Resources */,
				4764C000222F65A1001D6DC1 /* Main.storyboard in Resources */,
			);
			runOnlyForDeploymentPostprocessing = 0;
		};
/* End PBXResourcesBuildPhase section */

/* Begin PBXSourcesBuildPhase section */
		4764BFF3222F65A1001D6DC1 /* Sources */ = {
			isa = PBXSourcesBuildPhase;
			buildActionMask = 2147483647;
			files = (
				4764C01B222F99B0001D6DC1 /* BitcoinValue.swift in Sources */,
				4733ADA82230249300804465 /* Constants.swift in Sources */,
				4764C022222FAD95001D6DC1 /* BitcoinVC.swift in Sources */,
				4764C01E222FAA23001D6DC1 /* IRButton.swift in Sources */,
				4764C020222FAD83001D6DC1 /* SignInVC.swift in Sources */,
				4764C017222F920B001D6DC1 /* NameController.swift in Sources */,
				4764C015222F91CE001D6DC1 /* Name.swift in Sources */,
				4764C024222FAFBF001D6DC1 /* AlertController.swift in Sources */,
				4764C013222F8C7D001D6DC1 /* NetworkingErrorController.swift in Sources */,
				4764BFFB222F65A1001D6DC1 /* AppDelegate.swift in Sources */,
				4764C019222F9757001D6DC1 /* BitcoinValueController.swift in Sources */,
			);
			runOnlyForDeploymentPostprocessing = 0;
		};
/* End PBXSourcesBuildPhase section */

/* Begin PBXVariantGroup section */
		4733ADA9223025FF00804465 /* SignIn.storyboard */ = {
			isa = PBXVariantGroup;
			children = (
				4733ADAA223025FF00804465 /* Base */,
			);
			name = SignIn.storyboard;
			sourceTree = "<group>";
		};
		4764BFFE222F65A1001D6DC1 /* Main.storyboard */ = {
			isa = PBXVariantGroup;
			children = (
				4764BFFF222F65A1001D6DC1 /* Base */,
			);
			name = Main.storyboard;
			sourceTree = "<group>";
		};
		4764C003222F65A5001D6DC1 /* LaunchScreen.storyboard */ = {
			isa = PBXVariantGroup;
			children = (
				4764C004222F65A5001D6DC1 /* Base */,
			);
			name = LaunchScreen.storyboard;
			sourceTree = "<group>";
		};
/* End PBXVariantGroup section */

/* Begin XCBuildConfiguration section */
		4764C007222F65A5001D6DC1 /* Debug */ = {
			isa = XCBuildConfiguration;
			buildSettings = {
				ALWAYS_SEARCH_USER_PATHS = NO;
				CLANG_ANALYZER_NONNULL = YES;
				CLANG_ANALYZER_NUMBER_OBJECT_CONVERSION = YES_AGGRESSIVE;
				CLANG_CXX_LANGUAGE_STANDARD = "gnu++14";
				CLANG_CXX_LIBRARY = "libc++";
				CLANG_ENABLE_MODULES = YES;
				CLANG_ENABLE_OBJC_ARC = YES;
				CLANG_ENABLE_OBJC_WEAK = YES;
				CLANG_WARN_BLOCK_CAPTURE_AUTORELEASING = YES;
				CLANG_WARN_BOOL_CONVERSION = YES;
				CLANG_WARN_COMMA = YES;
				CLANG_WARN_CONSTANT_CONVERSION = YES;
				CLANG_WARN_DEPRECATED_OBJC_IMPLEMENTATIONS = YES;
				CLANG_WARN_DIRECT_OBJC_ISA_USAGE = YES_ERROR;
				CLANG_WARN_DOCUMENTATION_COMMENTS = YES;
				CLANG_WARN_EMPTY_BODY = YES;
				CLANG_WARN_ENUM_CONVERSION = YES;
				CLANG_WARN_INFINITE_RECURSION = YES;
				CLANG_WARN_INT_CONVERSION = YES;
				CLANG_WARN_NON_LITERAL_NULL_CONVERSION = YES;
				CLANG_WARN_OBJC_IMPLICIT_RETAIN_SELF = YES;
				CLANG_WARN_OBJC_LITERAL_CONVERSION = YES;
				CLANG_WARN_OBJC_ROOT_CLASS = YES_ERROR;
				CLANG_WARN_RANGE_LOOP_ANALYSIS = YES;
				CLANG_WARN_STRICT_PROTOTYPES = YES;
				CLANG_WARN_SUSPICIOUS_MOVE = YES;
				CLANG_WARN_UNGUARDED_AVAILABILITY = YES_AGGRESSIVE;
				CLANG_WARN_UNREACHABLE_CODE = YES;
				CLANG_WARN__DUPLICATE_METHOD_MATCH = YES;
				CODE_SIGN_IDENTITY = "iPhone Developer";
				COPY_PHASE_STRIP = NO;
				DEBUG_INFORMATION_FORMAT = dwarf;
				ENABLE_STRICT_OBJC_MSGSEND = YES;
				ENABLE_TESTABILITY = YES;
				GCC_C_LANGUAGE_STANDARD = gnu11;
				GCC_DYNAMIC_NO_PIC = NO;
				GCC_NO_COMMON_BLOCKS = YES;
				GCC_OPTIMIZATION_LEVEL = 0;
				GCC_PREPROCESSOR_DEFINITIONS = (
					"DEBUG=1",
					"$(inherited)",
				);
				GCC_WARN_64_TO_32_BIT_CONVERSION = YES;
				GCC_WARN_ABOUT_RETURN_TYPE = YES_ERROR;
				GCC_WARN_UNDECLARED_SELECTOR = YES;
				GCC_WARN_UNINITIALIZED_AUTOS = YES_AGGRESSIVE;
				GCC_WARN_UNUSED_FUNCTION = YES;
				GCC_WARN_UNUSED_VARIABLE = YES;
				IPHONEOS_DEPLOYMENT_TARGET = 12.1;
				MTL_ENABLE_DEBUG_INFO = INCLUDE_SOURCE;
				MTL_FAST_MATH = YES;
				ONLY_ACTIVE_ARCH = YES;
				SDKROOT = iphoneos;
				SWIFT_ACTIVE_COMPILATION_CONDITIONS = DEBUG;
				SWIFT_OPTIMIZATION_LEVEL = "-Onone";
			};
			name = Debug;
		};
		4764C008222F65A5001D6DC1 /* Release */ = {
			isa = XCBuildConfiguration;
			buildSettings = {
				ALWAYS_SEARCH_USER_PATHS = NO;
				CLANG_ANALYZER_NONNULL = YES;
				CLANG_ANALYZER_NUMBER_OBJECT_CONVERSION = YES_AGGRESSIVE;
				CLANG_CXX_LANGUAGE_STANDARD = "gnu++14";
				CLANG_CXX_LIBRARY = "libc++";
				CLANG_ENABLE_MODULES = YES;
				CLANG_ENABLE_OBJC_ARC = YES;
				CLANG_ENABLE_OBJC_WEAK = YES;
				CLANG_WARN_BLOCK_CAPTURE_AUTORELEASING = YES;
				CLANG_WARN_BOOL_CONVERSION = YES;
				CLANG_WARN_COMMA = YES;
				CLANG_WARN_CONSTANT_CONVERSION = YES;
				CLANG_WARN_DEPRECATED_OBJC_IMPLEMENTATIONS = YES;
				CLANG_WARN_DIRECT_OBJC_ISA_USAGE = YES_ERROR;
				CLANG_WARN_DOCUMENTATION_COMMENTS = YES;
				CLANG_WARN_EMPTY_BODY = YES;
				CLANG_WARN_ENUM_CONVERSION = YES;
				CLANG_WARN_INFINITE_RECURSION = YES;
				CLANG_WARN_INT_CONVERSION = YES;
				CLANG_WARN_NON_LITERAL_NULL_CONVERSION = YES;
				CLANG_WARN_OBJC_IMPLICIT_RETAIN_SELF = YES;
				CLANG_WARN_OBJC_LITERAL_CONVERSION = YES;
				CLANG_WARN_OBJC_ROOT_CLASS = YES_ERROR;
				CLANG_WARN_RANGE_LOOP_ANALYSIS = YES;
				CLANG_WARN_STRICT_PROTOTYPES = YES;
				CLANG_WARN_SUSPICIOUS_MOVE = YES;
				CLANG_WARN_UNGUARDED_AVAILABILITY = YES_AGGRESSIVE;
				CLANG_WARN_UNREACHABLE_CODE = YES;
				CLANG_WARN__DUPLICATE_METHOD_MATCH = YES;
				CODE_SIGN_IDENTITY = "iPhone Developer";
				COPY_PHASE_STRIP = NO;
				DEBUG_INFORMATION_FORMAT = "dwarf-with-dsym";
				ENABLE_NS_ASSERTIONS = NO;
				ENABLE_STRICT_OBJC_MSGSEND = YES;
				GCC_C_LANGUAGE_STANDARD = gnu11;
				GCC_NO_COMMON_BLOCKS = YES;
				GCC_WARN_64_TO_32_BIT_CONVERSION = YES;
				GCC_WARN_ABOUT_RETURN_TYPE = YES_ERROR;
				GCC_WARN_UNDECLARED_SELECTOR = YES;
				GCC_WARN_UNINITIALIZED_AUTOS = YES_AGGRESSIVE;
				GCC_WARN_UNUSED_FUNCTION = YES;
				GCC_WARN_UNUSED_VARIABLE = YES;
				IPHONEOS_DEPLOYMENT_TARGET = 12.1;
				MTL_ENABLE_DEBUG_INFO = NO;
				MTL_FAST_MATH = YES;
				SDKROOT = iphoneos;
				SWIFT_COMPILATION_MODE = wholemodule;
				SWIFT_OPTIMIZATION_LEVEL = "-O";
				VALIDATE_PRODUCT = YES;
			};
			name = Release;
		};
		4764C00A222F65A5001D6DC1 /* Debug */ = {
			isa = XCBuildConfiguration;
			buildSettings = {
				ASSETCATALOG_COMPILER_APPICON_NAME = AppIcon;
				CODE_SIGN_STYLE = Automatic;
				DEVELOPMENT_TEAM = L7AYJDAX2C;
				INFOPLIST_FILE = "$(SRCROOT)/RamirezBitCoin/SupportingFiles/Info.plist";
				LD_RUNPATH_SEARCH_PATHS = (
					"$(inherited)",
					"@executable_path/Frameworks",
				);
				PRODUCT_BUNDLE_IDENTIFIER = com.ramcomw.i2v.RamirezBitCoin;
				PRODUCT_NAME = "$(TARGET_NAME)";
				SWIFT_VERSION = 4.2;
				TARGETED_DEVICE_FAMILY = "1,2";
			};
			name = Debug;
		};
		4764C00B222F65A5001D6DC1 /* Release */ = {
			isa = XCBuildConfiguration;
			buildSettings = {
				ASSETCATALOG_COMPILER_APPICON_NAME = AppIcon;
				CODE_SIGN_STYLE = Automatic;
				DEVELOPMENT_TEAM = L7AYJDAX2C;
				INFOPLIST_FILE = "$(SRCROOT)/RamirezBitCoin/SupportingFiles/Info.plist";
				LD_RUNPATH_SEARCH_PATHS = (
					"$(inherited)",
					"@executable_path/Frameworks",
				);
				PRODUCT_BUNDLE_IDENTIFIER = com.ramcomw.i2v.RamirezBitCoin;
				PRODUCT_NAME = "$(TARGET_NAME)";
				SWIFT_VERSION = 4.2;
				TARGETED_DEVICE_FAMILY = "1,2";
			};
			name = Release;
		};
/* End XCBuildConfiguration section */

/* Begin XCConfigurationList section */
		4764BFF2222F65A1001D6DC1 /* Build configuration list for PBXProject "RamirezBitCoin" */ = {
			isa = XCConfigurationList;
			buildConfigurations = (
				4764C007222F65A5001D6DC1 /* Debug */,
				4764C008222F65A5001D6DC1 /* Release */,
			);
			defaultConfigurationIsVisible = 0;
			defaultConfigurationName = Release;
		};
		4764C009222F65A5001D6DC1 /* Build configuration list for PBXNativeTarget "RamirezBitCoin" */ = {
			isa = XCConfigurationList;
			buildConfigurations = (
				4764C00A222F65A5001D6DC1 /* Debug */,
				4764C00B222F65A5001D6DC1 /* Release */,
			);
			defaultConfigurationIsVisible = 0;
			defaultConfigurationName = Release;
		};
/* End XCConfigurationList section */
	};
	rootObject = 4764BFEF222F65A1001D6DC1 /* Project object */;
}
